
Microsoft Visual Studio Solution File, Format Version 12.00
# Visual Studio 15
VisualStudioVersion = 15.0.27130.2010
MinimumVisualStudioVersion = 10.0.40219.1
Project("{E24C65DC-7377-472B-9ABA-BC803B73C61A}") = "DesignPatterns", "DesignPatterns\", "{0CE1FB4B-8CA3-425E-A7DE-304092CE3158}"
	ProjectSection(WebsiteProperties) = preProject
		TargetFrameworkMoniker = ".NETFramework,Version%3Dv4.6.1"
		Debug.AspNetCompiler.VirtualPath = "/localhost_9736"
		Debug.AspNetCompiler.PhysicalPath = "DesignPatterns\"
		Debug.AspNetCompiler.TargetPath = "PrecompiledWeb\localhost_9736\"
		Debug.AspNetCompiler.Updateable = "true"
		Debug.AspNetCompiler.ForceOverwrite = "true"
		Debug.AspNetCompiler.FixedNames = "false"
		Debug.AspNetCompiler.Debug = "True"
		Release.AspNetCompiler.VirtualPath = "/localhost_9736"
		Release.AspNetCompiler.PhysicalPath = "DesignPatterns\"
		Release.AspNetCompiler.TargetPath = "PrecompiledWeb\localhost_9736\"
		Release.AspNetCompiler.Updateable = "true"
		Release.AspNetCompiler.ForceOverwrite = "true"
		Release.AspNetCompiler.FixedNames = "false"
		Release.AspNetCompiler.Debug = "False"
		VWDPort = "9736"
		SlnRelativePath = "DesignPatterns\"
		DefaultWebSiteLanguage = "Visual C#"
	EndProjectSection
EndProject
Project("{FAE04EC0-301F-11D3-BF4B-00C04F79EFBC}") = "DesignPatternsTests", "DesignPatternsTests\DesignPatternsTests.csproj", "{FE805BF2-1717-4BF8-8689-A70266615A73}"
EndProject
Global
	GlobalSection(SolutionConfigurationPlatforms) = preSolution
		Debug|Any CPU = Debug|Any CPU
		Release|Any CPU = Release|Any CPU
	EndGlobalSection
	GlobalSection(ProjectConfigurationPlatforms) = postSolution
		{0CE1FB4B-8CA3-425E-A7DE-304092CE3158}.Debug|Any CPU.ActiveCfg = Debug|Any CPU
		{0CE1FB4B-8CA3-425E-A7DE-304092CE3158}.Debug|Any CPU.Build.0 = Debug|Any CPU
		{0CE1FB4B-8CA3-425E-A7DE-304092CE3158}.Release|Any CPU.ActiveCfg = Debug|Any CPU
		{0CE1FB4B-8CA3-425E-A7DE-304092CE3158}.Release|Any CPU.Build.0 = Debug|Any CPU
		{FE805BF2-1717-4BF8-8689-A70266615A73}.Debug|Any CPU.ActiveCfg = Debug|Any CPU
		{FE805BF2-1717-4BF8-8689-A70266615A73}.Debug|Any CPU.Build.0 = Debug|Any CPU
		{FE805BF2-1717-4BF8-8689-A70266615A73}.Release|Any CPU.ActiveCfg = Release|Any CPU
		{FE805BF2-1717-4BF8-8689-A70266615A73}.Release|Any CPU.Build.0 = Release|Any CPU
	EndGlobalSection
	GlobalSection(SolutionProperties) = preSolution
		HideSolutionNode = FALSE
	EndGlobalSection
	GlobalSection(ExtensibilityGlobals) = postSolution
		SolutionGuid = {73BDD49A-DB1E-4105-9146-D372AA485A0C}
	EndGlobalSection
EndGlobal
